
Microsoft Visual Studio Solution File, Format Version 11.00
# Visual Studio 2010
Project("{FAE04EC0-301F-11D3-BF4B-00C04F79EFBC}") = "RSR", "Assembly-CSharp.csproj", "{B5B39D50-0723-1094-E99E-A92808269603}"
EndProject
Project("{FAE04EC0-301F-11D3-BF4B-00C04F79EFBC}") = "RSR", "Assembly-CSharp-Editor.csproj", "{1ED896ED-EC56-660F-FEE0-9DA1ABAA7F77}"
EndProject
Global
	GlobalSection(SolutionConfigurationPlatforms) = preSolution
		Debug|Any CPU = Debug|Any CPU
		Release|Any CPU = Release|Any CPU
	EndGlobalSection
	GlobalSection(ProjectConfigurationPlatforms) = postSolution
		{B5B39D50-0723-1094-E99E-A92808269603}.Debug|Any CPU.ActiveCfg = Debug|Any CPU
		{B5B39D50-0723-1094-E99E-A92808269603}.Debug|Any CPU.Build.0 = Debug|Any CPU
		{B5B39D50-0723-1094-E99E-A92808269603}.Release|Any CPU.ActiveCfg = Release|Any CPU
		{B5B39D50-0723-1094-E99E-A92808269603}.Release|Any CPU.Build.0 = Release|Any CPU
		{1ED896ED-EC56-660F-FEE0-9DA1ABAA7F77}.Debug|Any CPU.ActiveCfg = Debug|Any CPU
		{1ED896ED-EC56-660F-FEE0-9DA1ABAA7F77}.Debug|Any CPU.Build.0 = Debug|Any CPU
		{1ED896ED-EC56-660F-FEE0-9DA1ABAA7F77}.Release|Any CPU.ActiveCfg = Release|Any CPU
		{1ED896ED-EC56-660F-FEE0-9DA1ABAA7F77}.Release|Any CPU.Build.0 = Release|Any CPU
	EndGlobalSection
	GlobalSection(SolutionProperties) = preSolution
		HideSolutionNode = FALSE
	EndGlobalSection
	GlobalSection(MonoDevelopProperties) = preSolution
		StartupItem = Assembly-CSharp.csproj
	EndGlobalSection
EndGlobal
